<?xml version="1.0" encoding="utf-8"?>
<Project ToolsVersion="4.0" xmlns="http://schemas.microsoft.com/developer/msbuild/2003">
  <ItemGroup>
    <Filter Include="Source Files">
      <UniqueIdentifier>{4FC737F1-C7A5-4376-A066-2A32D752A2FF}</UniqueIdentifier>
      <Extensions>cpp;c;cc;cxx;c++;cppm;ixx;def;odl;idl;hpj;bat;asm;asmx</Extensions>
    </Filter>
    <Filter Include="Header Files">
      <UniqueIdentifier>{93995380-89BD-4b04-88EB-625FBE52EBFB}</UniqueIdentifier>
      <Extensions>h;hh;hpp;hxx;h++;hm;inl;inc;ipp;xsd</Extensions>
    </Filter>
    <Filter Include="Resource Files">
      <UniqueIdentifier>{67DA6AB6-F800-4c08-8B7A-83BB121AAD01}</UniqueIdentifier>
      <Extensions>rc;ico;cur;bmp;dlg;rc2;rct;bin;rgs;gif;jpg;jpeg;jpe;resx;tiff;tif;png;wav;mfcribbon-ms</Extensions>
    </Filter>
  </ItemGroup>
  <ItemGroup>
    <ClCompile Include="MainHpp.cpp">
      <Filter>Source Files</Filter>
    </ClCompile>
    <ClCompile Include="Main\Enttity.cpp">
      <Filter>Source Files</Filter>
    </ClCompile>
    <ClCompile Include="Utils\UtilsFunctions.cpp">
      <Filter>Source Files</Filter>
    </ClCompile>
    <ClCompile Include="Utils\AI_GLM_utils.cpp">
      <Filter>Source Files</Filter>
    </ClCompile>
  </ItemGroup>
  <ItemGroup>
    <None Include="Shaders\shader_push_const.vert" />
    <None Include="vcpkg.json" />
    <None Include="Shaders\outline_shader.frag" />
    <None Include="Shaders\outline_shader.vert" />
    <None Include="Shaders\shader.frag" />
    <None Include="Shaders\shader.vert" />
    <None Include="Shaders\outline_skeletal_shader.vert" />
    <None Include="Shaders\skeletal_shader.vert" />
  </ItemGroup>
  <ItemGroup>
    <ClInclude Include="Wrappers\GLFWwindowWrapper.h">
      <Filter>Header Files</Filter>
    </ClInclude>
    <ClInclude Include="Wrappers\Instance.h">
      <Filter>Header Files</Filter>
    </ClInclude>
    <ClInclude Include="Wrappers\Surface.h">
      <Filter>Header Files</Filter>
    </ClInclude>
    <ClInclude Include="Wrappers\PhysicalDevice.h">
      <Filter>Header Files</Filter>
    </ClInclude>
    <ClInclude Include="Wrappers\LogicalDevice.h">
      <Filter>Header Files</Filter>
    </ClInclude>
    <ClInclude Include="Wrappers\SwapChain.h">
      <Filter>Header Files</Filter>
    </ClInclude>
    <ClInclude Include="Wrappers\RenderPass.h">
      <Filter>Header Files</Filter>
    </ClInclude>
    <ClInclude Include="Wrappers\CommandPool.h">
      <Filter>Header Files</Filter>
    </ClInclude>
    <ClInclude Include="Wrappers\Texture.h">
      <Filter>Header Files</Filter>
    </ClInclude>
    <ClInclude Include="Wrappers\Vertex.h">
      <Filter>Header Files</Filter>
    </ClInclude>
    <ClInclude Include="Utils\UtilsFunctions.h">
      <Filter>Header Files</Filter>
    </ClInclude>
    <ClInclude Include="Wrappers\Depthbuffer.h">
      <Filter>Header Files</Filter>
    </ClInclude>
    <ClInclude Include="Wrappers\Mesh.h">
      <Filter>Header Files</Filter>
    </ClInclude>
    <ClInclude Include="Utils\AI_GLM_utils.h">
      <Filter>Header Files</Filter>
    </ClInclude>
    <ClInclude Include="Wrappers\ImGUIRenderPass.h">
      <Filter>Header Files</Filter>
    </ClInclude>
    <ClInclude Include="Wrappers\ImGUISwapChain.h">
      <Filter>Header Files</Filter>
    </ClInclude>
    <ClInclude Include="Wrappers\EditorUI.h">
      <Filter>Header Files</Filter>
    </ClInclude>
    <ClInclude Include="Wrappers\Singletons.h">
      <Filter>Header Files</Filter>
    </ClInclude>
    <ClInclude Include="Wrappers\EditorFrame.h">
      <Filter>Header Files</Filter>
    </ClInclude>
    <ClInclude Include="Wrappers\Viewport.h">
      <Filter>Header Files</Filter>
    </ClInclude>
    <ClInclude Include="Wrappers\ViewportSwapChain.h">
      <Filter>Header Files</Filter>
    </ClInclude>
    <ClInclude Include="Wrappers\ViewportRenderPass.h">
      <Filter>Header Files</Filter>
    </ClInclude>
    <ClInclude Include="Wrappers\ImGuiRaii.h">
      <Filter>Header Files</Filter>
    </ClInclude>
    <ClInclude Include="Wrappers\Singletons\CommandPool.h">
      <Filter>Header Files</Filter>
    </ClInclude>
    <ClInclude Include="Wrappers\Singletons\GLFWwindowWrapper.h">
      <Filter>Header Files</Filter>
    </ClInclude>
    <ClInclude Include="Wrappers\Singletons\Instance.h">
      <Filter>Header Files</Filter>
    </ClInclude>
    <ClInclude Include="Wrappers\Singletons\LogicalDevice.h">
      <Filter>Header Files</Filter>
    </ClInclude>
    <ClInclude Include="Wrappers\Singletons\PhysicalDevice.h">
      <Filter>Header Files</Filter>
    </ClInclude>
    <ClInclude Include="Wrappers\Singletons\Singletons.h">
      <Filter>Header Files</Filter>
    </ClInclude>
    <ClInclude Include="Wrappers\Singletons\Surface.h">
      <Filter>Header Files</Filter>
    </ClInclude>
    <ClInclude Include="EditorUI\EditorUI.h">
      <Filter>Header Files</Filter>
    </ClInclude>
    <ClInclude Include="EditorUI\Helpers\EditorFrame.h">
      <Filter>Header Files</Filter>
    </ClInclude>
    <ClInclude Include="EditorUI\Helpers\ImGuiRaii.h">
      <Filter>Header Files</Filter>
    </ClInclude>
    <ClInclude Include="EditorUI\Helpers\ImGUIRenderPass.h">
      <Filter>Header Files</Filter>
    </ClInclude>
    <ClInclude Include="EditorUI\Helpers\ImGUISwapChain.h">
      <Filter>Header Files</Filter>
    </ClInclude>
    <ClInclude Include="EditorUI\Viewport\Viewport.h">
      <Filter>Header Files</Filter>
    </ClInclude>
    <ClInclude Include="EditorUI\Viewport\ViewportRenderPass.h">
      <Filter>Header Files</Filter>
    </ClInclude>
    <ClInclude Include="EditorUI\Viewport\ViewportSwapChain.h">
      <Filter>Header Files</Filter>
    </ClInclude>
    <ClInclude Include="Main\Scene.h">
      <Filter>Header Files</Filter>
    </ClInclude>
    <ClInclude Include="Utils\Transform.h">
      <Filter>Header Files</Filter>
    </ClInclude>
    <ClInclude Include="Main\Enttity.h">
      <Filter>Header Files</Filter>
    </ClInclude>
    <ClInclude Include="Main\Componenets\CameraComponent.h">
      <Filter>Header Files</Filter>
    </ClInclude>
    <ClInclude Include="MaterialSystem\ShaderEffects\UnLitTextured\UnLitTexturedGraphicsPipelineStatics.h">
      <Filter>Header Files</Filter>
    </ClInclude>
    <ClInclude Include="MaterialSystem\Materials\Diffusion\DiffusionDescriptorSets.h">
      <Filter>Header Files</Filter>
    </ClInclude>
    <ClInclude Include="MaterialSystem\ShaderEffects\UnLitTextured\UnLitTexturedGraphicsPipeline.h">
      <Filter>Header Files</Filter>
    </ClInclude>
    <ClInclude Include="MaterialSystem\ShaderEffects\UnLitTextured\UnlitTexturedShaderEffect.h">
      <Filter>Header Files</Filter>
    </ClInclude>
    <ClInclude Include="Wrappers\Singletons\Renderer.h">
      <Filter>Header Files</Filter>
    </ClInclude>
    <ClInclude Include="EditorUI\SceneTree.h">
      <Filter>Header Files</Filter>
    </ClInclude>
    <ClInclude Include="EditorUI\Inspector.h">
      <Filter>Header Files</Filter>
    </ClInclude>
    <ClInclude Include="EditorUI\Viewport\ViewportCamera.h">
      <Filter>Header Files</Filter>
    </ClInclude>
    <ClInclude Include="MaterialSystem\ShaderEffects\ShaderEffect.h">
      <Filter>Header Files</Filter>
    </ClInclude>
    <ClInclude Include="EditorUI\Viewport\CameraRenderData.h">
      <Filter>Header Files</Filter>
    </ClInclude>
    <ClInclude Include="Wrappers\Singletons\DescriptorPool.h">
      <Filter>Header Files</Filter>
    </ClInclude>
    <ClInclude Include="MaterialSystem\Materials\Diffusion\DiffusionMaterial.h">
      <Filter>Header Files</Filter>
    </ClInclude>
    <ClInclude Include="MaterialSystem\Materials\Material.h">
      <Filter>Header Files</Filter>
    </ClInclude>
    <ClInclude Include="Wrappers\Singletons\PerRenderableData.h">
      <Filter>Header Files</Filter>
    </ClInclude>
    <ClInclude Include="MaterialSystem\ShaderEffects\Outline\UnlitTexturedOutlinedShaderEffect.h">
      <Filter>Header Files</Filter>
    </ClInclude>
    <ClInclude Include="MaterialSystem\ShaderEffects\Outline\OutlineGraphicsPipelineStatics.h">
      <Filter>Header Files</Filter>
    </ClInclude>
    <ClInclude Include="MaterialSystem\ShaderEffects\Outline\OutlineGraphicsPipeline.h">
      <Filter>Header Files</Filter>
    </ClInclude>
    <ClInclude Include="MaterialSystem\ShaderEffects\Outline\OutlineShaderEffectRenderData.h">
      <Filter>Header Files</Filter>
    </ClInclude>
    <ClInclude Include="MaterialSystem\ShaderEffects\UnLitTextured\UnLitTexturedRenderData.h">
      <Filter>Header Files</Filter>
    </ClInclude>
    <ClInclude Include="MaterialSystem\Materials\Diffusion\DiffusionUniformBuffer.h">
      <Filter>Header Files</Filter>
    </ClInclude>
    <ClInclude Include="Wrappers\UniformBuffer.h">
      <Filter>Header Files</Filter>
    </ClInclude>
    <ClInclude Include="Wrappers\SkeletalMesh.h">
      <Filter>Header Files</Filter>
    </ClInclude>
    <ClInclude Include="Wrappers\HostLocalBuffer.h">
      <Filter>Header Files</Filter>
    </ClInclude>
    <ClInclude Include="Wrappers\BonedVertex.h">
      <Filter>Header Files</Filter>
    </ClInclude>
    <ClInclude Include="Utils\StdUtils.h">
      <Filter>Header Files</Filter>
    </ClInclude>
    <ClInclude Include="Utils\image_data.h">
      <Filter>Header Files</Filter>
    </ClInclude>
    <ClInclude Include="Wrappers\Singletons\PerSkeletonData.h">
      <Filter>Header Files</Filter>
    </ClInclude>
    <ClInclude Include="Main\Componenets\TransformComponent.h">
      <Filter>Header Files</Filter>
    </ClInclude>
    <ClInclude Include="Main\Componenets\TagComponent.h">
      <Filter>Header Files</Filter>
    </ClInclude>
    <ClInclude Include="Main\Componenets\RelationshipComponent.h">
      <Filter>Header Files</Filter>
    </ClInclude>
    <ClInclude Include="Main\Componenets\ModelComponent.h">
      <Filter>Header Files</Filter>
    </ClInclude>
    <ClInclude Include="Main\Componenets\SkeletalModelComponent.h">
      <Filter>Header Files</Filter>
    </ClInclude>
    <ClInclude Include="Main\Componenets\BoneComponenet.h">
      <Filter>Header Files</Filter>
    </ClInclude>
    <ClInclude Include="Main\Componenets\AnimationComponent.h">
      <Filter>Header Files</Filter>
    </ClInclude>
    <ClInclude Include="Wrappers\Animation.h">
      <Filter>Header Files</Filter>
    </ClInclude>
    <ClInclude Include="EditorUI\Sequencer\MySequence.h">
      <Filter>Header Files</Filter>
    </ClInclude>
    <ClInclude Include="EditorUI\Sequencer\ImSequencer.h">
      <Filter>Header Files</Filter>
    </ClInclude>
    <ClInclude Include="Main\AnimationSequence.h">
      <Filter>Header Files</Filter>
    </ClInclude>
    <ClInclude Include="Main\Componenets\SkeletonComponent.h">
      <Filter>Header Files</Filter>
    </ClInclude>
  </ItemGroup>
</Project>